// !$*UTF8*$!
{
	archiveVersion = 1;
	classes = {
	};
	objectVersion = 50;
	objects = {

/* Begin PBXBuildFile section */
		8BEA7FC324CD2AE70065ABEC /* AppDelegate.m in Sources */ = {isa = PBXBuildFile; fileRef = 8BEA7FC224CD2AE70065ABEC /* AppDelegate.m */; };
		8BEA7FC624CD2AE70065ABEC /* SceneDelegate.m in Sources */ = {isa = PBXBuildFile; fileRef = 8BEA7FC524CD2AE70065ABEC /* SceneDelegate.m */; };
		8BEA7FC924CD2AE70065ABEC /* ViewController.m in Sources */ = {isa = PBXBuildFile; fileRef = 8BEA7FC824CD2AE70065ABEC /* ViewController.m */; };
		8BEA7FCC24CD2AE70065ABEC /* Main.storyboard in Resources */ = {isa = PBXBuildFile; fileRef = 8BEA7FCA24CD2AE70065ABEC /* Main.storyboard */; };
		8BEA7FCE24CD2AE80065ABEC /* Assets.xcassets in Resources */ = {isa = PBXBuildFile; fileRef = 8BEA7FCD24CD2AE80065ABEC /* Assets.xcassets */; };
		8BEA7FD124CD2AE80065ABEC /* LaunchScreen.storyboard in Resources */ = {isa = PBXBuildFile; fileRef = 8BEA7FCF24CD2AE80065ABEC /* LaunchScreen.storyboard */; };
		8BEA7FD424CD2AE80065ABEC /* main.m in Sources */ = {isa = PBXBuildFile; fileRef = 8BEA7FD324CD2AE80065ABEC /* main.m */; };
		8BEA7FDC24CD2C020065ABEC /* MapKit.framework in Frameworks */ = {isa = PBXBuildFile; fileRef = 8BEA7FDB24CD2C020065ABEC /* MapKit.framework */; };
/* End PBXBuildFile section */

/* Begin PBXFileReference section */
		8BEA7FBE24CD2AE70065ABEC /* MapMyPints.app */ = {isa = PBXFileReference; explicitFileType = wrapper.application; includeInIndex = 0; path = MapMyPints.app; sourceTree = BUILT_PRODUCTS_DIR; };
		8BEA7FC124CD2AE70065ABEC /* AppDelegate.h */ = {isa = PBXFileReference; lastKnownFileType = sourcecode.c.h; path = AppDelegate.h; sourceTree = "<group>"; };
		8BEA7FC224CD2AE70065ABEC /* AppDelegate.m */ = {isa = PBXFileReference; lastKnownFileType = sourcecode.c.objc; path = AppDelegate.m; sourceTree = "<group>"; };
		8BEA7FC424CD2AE70065ABEC /* SceneDelegate.h */ = {isa = PBXFileReference; lastKnownFileType = sourcecode.c.h; path = SceneDelegate.h; sourceTree = "<group>"; };
		8BEA7FC524CD2AE70065ABEC /* SceneDelegate.m */ = {isa = PBXFileReference; lastKnownFileType = sourcecode.c.objc; path = SceneDelegate.m; sourceTree = "<group>"; };
		8BEA7FC724CD2AE70065ABEC /* ViewController.h */ = {isa = PBXFileReference; lastKnownFileType = sourcecode.c.h; path = ViewController.h; sourceTree = "<group>"; };
		8BEA7FC824CD2AE70065ABEC /* ViewController.m */ = {isa = PBXFileReference; lastKnownFileType = sourcecode.c.objc; path = ViewController.m; sourceTree = "<group>"; };
		8BEA7FCB24CD2AE70065ABEC /* Base */ = {isa = PBXFileReference; lastKnownFileType = file.storyboard; name = Base; path = Base.lproj/Main.storyboard; sourceTree = "<group>"; };
		8BEA7FCD24CD2AE80065ABEC /* Assets.xcassets */ = {isa = PBXFileReference; lastKnownFileType = folder.assetcatalog; path = Assets.xcassets; sourceTree = "<group>"; };
		8BEA7FD024CD2AE80065ABEC /* Base */ = {isa = PBXFileReference; lastKnownFileType = file.storyboard; name = Base; path = Base.lproj/LaunchScreen.storyboard; sourceTree = "<group>"; };
		8BEA7FD224CD2AE80065ABEC /* Info.plist */ = {isa = PBXFileReference; lastKnownFileType = text.plist.xml; path = Info.plist; sourceTree = "<group>"; };
		8BEA7FD324CD2AE80065ABEC /* main.m */ = {isa = PBXFileReference; lastKnownFileType = sourcecode.c.objc; path = main.m; sourceTree = "<group>"; };
		8BEA7FDB24CD2C020065ABEC /* MapKit.framework */ = {isa = PBXFileReference; lastKnownFileType = wrapper.framework; name = MapKit.framework; path = System/Library/Frameworks/MapKit.framework; sourceTree = SDKROOT; };
/* End PBXFileReference section */

/* Begin PBXFrameworksBuildPhase section */
		8BEA7FBB24CD2AE70065ABEC /* Frameworks */ = {
			isa = PBXFrameworksBuildPhase;
			buildActionMask = 2147483647;
			files = (
				8BEA7FDC24CD2C020065ABEC /* MapKit.framework in Frameworks */,
			);
			runOnlyForDeploymentPostprocessing = 0;
		};
/* End PBXFrameworksBuildPhase section */

/* Begin PBXGroup section */
		8BEA7FB524CD2AE70065ABEC = {
			isa = PBXGroup;
			children = (
				8BEA7FC024CD2AE70065ABEC /* MapMyPints */,
				8BEA7FBF24CD2AE70065ABEC /* Products */,
				8BEA7FDA24CD2C020065ABEC /* Frameworks */,
			);
			sourceTree = "<group>";
		};
		8BEA7FBF24CD2AE70065ABEC /* Products */ = {
			isa = PBXGroup;
			children = (
				8BEA7FBE24CD2AE70065ABEC /* MapMyPints.app */,
			);
			name = Products;
			sourceTree = "<group>";
		};
		8BEA7FC024CD2AE70065ABEC /* MapMyPints */ = {
			isa = PBXGroup;
			children = (
				8BEA7FC124CD2AE70065ABEC /* AppDelegate.h */,
				8BEA7FC224CD2AE70065ABEC /* AppDelegate.m */,
				8BEA7FC424CD2AE70065ABEC /* SceneDelegate.h */,
				8BEA7FC524CD2AE70065ABEC /* SceneDelegate.m */,
				8BEA7FC724CD2AE70065ABEC /* ViewController.h */,
				8BEA7FC824CD2AE70065ABEC /* ViewController.m */,
				8BEA7FCA24CD2AE70065ABEC /* Main.storyboard */,
				8BEA7FCD24CD2AE80065ABEC /* Assets.xcassets */,
				8BEA7FCF24CD2AE80065ABEC /* LaunchScreen.storyboard */,
				8BEA7FD224CD2AE80065ABEC /* Info.plist */,
				8BEA7FD324CD2AE80065ABEC /* main.m */,
			);
			path = MapMyPints;
			sourceTree = "<group>";
		};
		8BEA7FDA24CD2C020065ABEC /* Frameworks */ = {
			isa = PBXGroup;
			children = (
				8BEA7FDB24CD2C020065ABEC /* MapKit.framework */,
			);
			name = Frameworks;
			sourceTree = "<group>";
		};
/* End PBXGroup section */

/* Begin PBXNativeTarget section */
		8BEA7FBD24CD2AE70065ABEC /* MapMyPints */ = {
			isa = PBXNativeTarget;
			buildConfigurationList = 8BEA7FD724CD2AE80065ABEC /* Build configuration list for PBXNativeTarget "MapMyPints" */;
			buildPhases = (
				8BEA7FBA24CD2AE70065ABEC /* Sources */,
				8BEA7FBB24CD2AE70065ABEC /* Frameworks */,
				8BEA7FBC24CD2AE70065ABEC /* Resources */,
			);
			buildRules = (
			);
			dependencies = (
			);
			name = MapMyPints;
			productName = MapMyPints;
			productReference = 8BEA7FBE24CD2AE70065ABEC /* MapMyPints.app */;
			productType = "com.apple.product-type.application";
		};
/* End PBXNativeTarget section */

/* Begin PBXProject section */
		8BEA7FB624CD2AE70065ABEC /* Project object */ = {
			isa = PBXProject;
			attributes = {
				LastUpgradeCheck = 1160;
				ORGANIZATIONNAME = "Avisa Poshtkouhi";
				TargetAttributes = {
					8BEA7FBD24CD2AE70065ABEC = {
						CreatedOnToolsVersion = 11.6;
					};
				};
			};
			buildConfigurationList = 8BEA7FB924CD2AE70065ABEC /* Build configuration list for PBXProject "MapMyPints" */;
			compatibilityVersion = "Xcode 9.3";
			developmentRegion = en;
			hasScannedForEncodings = 0;
			knownRegions = (
				en,
				Base,
			);
			mainGroup = 8BEA7FB524CD2AE70065ABEC;
			productRefGroup = 8BEA7FBF24CD2AE70065ABEC /* Products */;
			projectDirPath = "";
			projectRoot = "";
			targets = (
				8BEA7FBD24CD2AE70065ABEC /* MapMyPints */,
			);
		};
/* End PBXProject section */

/* Begin PBXResourcesBuildPhase section */
		8BEA7FBC24CD2AE70065ABEC /* Resources */ = {
			isa = PBXResourcesBuildPhase;
			buildActionMask = 2147483647;
			files = (
				8BEA7FD124CD2AE80065ABEC /* LaunchScreen.storyboard in Resources */,
				8BEA7FCE24CD2AE80065ABEC /* Assets.xcassets in Resources */,
				8BEA7FCC24CD2AE70065ABEC /* Main.storyboard in Resources */,
			);
			runOnlyForDeploymentPostprocessing = 0;
		};
/* End PBXResourcesBuildPhase section */

/* Begin PBXSourcesBuildPhase section */
		8BEA7FBA24CD2AE70065ABEC /* Sources */ = {
			isa = PBXSourcesBuildPhase;
			buildActionMask = 2147483647;
			files = (
				8BEA7FC924CD2AE70065ABEC /* ViewController.m in Sources */,
				8BEA7FC324CD2AE70065ABEC /* AppDelegate.m in Sources */,
				8BEA7FD424CD2AE80065ABEC /* main.m in Sources */,
				8BEA7FC624CD2AE70065ABEC /* SceneDelegate.m in Sources */,
			);
			runOnlyForDeploymentPostprocessing = 0;
		};
/* End PBXSourcesBuildPhase section */

/* Begin PBXVariantGroup section */
		8BEA7FCA24CD2AE70065ABEC /* Main.storyboard */ = {
			isa = PBXVariantGroup;
			children = (
				8BEA7FCB24CD2AE70065ABEC /* Base */,
			);
			name = Main.storyboard;
			sourceTree = "<group>";
		};
		8BEA7FCF24CD2AE80065ABEC /* LaunchScreen.storyboard */ = {
			isa = PBXVariantGroup;
			children = (
				8BEA7FD024CD2AE80065ABEC /* Base */,
			);
			name = LaunchScreen.storyboard;
			sourceTree = "<group>";
		};
/* End PBXVariantGroup section */

/* Begin XCBuildConfiguration section */
		8BEA7FD524CD2AE80065ABEC /* Debug */ = {
			isa = XCBuildConfiguration;
			buildSettings = {
				ALWAYS_SEARCH_USER_PATHS = NO;
				CLANG_ANALYZER_NONNULL = YES;
				CLANG_ANALYZER_NUMBER_OBJECT_CONVERSION = YES_AGGRESSIVE;
				CLANG_CXX_LANGUAGE_STANDARD = "gnu++14";
				CLANG_CXX_LIBRARY = "libc++";
				CLANG_ENABLE_MODULES = YES;
				CLANG_ENABLE_OBJC_ARC = YES;
				CLANG_ENABLE_OBJC_WEAK = YES;
				CLANG_WARN_BLOCK_CAPTURE_AUTORELEASING = YES;
				CLANG_WARN_BOOL_CONVERSION = YES;
				CLANG_WARN_COMMA = YES;
				CLANG_WARN_CONSTANT_CONVERSION = YES;
				CLANG_WARN_DEPRECATED_OBJC_IMPLEMENTATIONS = YES;
				CLANG_WARN_DIRECT_OBJC_ISA_USAGE = YES_ERROR;
				CLANG_WARN_DOCUMENTATION_COMMENTS = YES;
				CLANG_WARN_EMPTY_BODY = YES;
				CLANG_WARN_ENUM_CONVERSION = YES;
				CLANG_WARN_INFINITE_RECURSION = YES;
				CLANG_WARN_INT_CONVERSION = YES;
				CLANG_WARN_NON_LITERAL_NULL_CONVERSION = YES;
				CLANG_WARN_OBJC_IMPLICIT_RETAIN_SELF = YES;
				CLANG_WARN_OBJC_LITERAL_CONVERSION = YES;
				CLANG_WARN_OBJC_ROOT_CLASS = YES_ERROR;
				CLANG_WARN_RANGE_LOOP_ANALYSIS = YES;
				CLANG_WARN_STRICT_PROTOTYPES = YES;
				CLANG_WARN_SUSPICIOUS_MOVE = YES;
				CLANG_WARN_UNGUARDED_AVAILABILITY = YES_AGGRESSIVE;
				CLANG_WARN_UNREACHABLE_CODE = YES;
				CLANG_WARN__DUPLICATE_METHOD_MATCH = YES;
				COPY_PHASE_STRIP = NO;
				DEBUG_INFORMATION_FORMAT = dwarf;
				ENABLE_STRICT_OBJC_MSGSEND = YES;
				ENABLE_TESTABILITY = YES;
				GCC_C_LANGUAGE_STANDARD = gnu11;
				GCC_DYNAMIC_NO_PIC = NO;
				GCC_NO_COMMON_BLOCKS = YES;
				GCC_OPTIMIZATION_LEVEL = 0;
				GCC_PREPROCESSOR_DEFINITIONS = (
					"DEBUG=1",
					"$(inherited)",
				);
				GCC_WARN_64_TO_32_BIT_CONVERSION = YES;
				GCC_WARN_ABOUT_RETURN_TYPE = YES_ERROR;
				GCC_WARN_UNDECLARED_SELECTOR = YES;
				GCC_WARN_UNINITIALIZED_AUTOS = YES_AGGRESSIVE;
				GCC_WARN_UNUSED_FUNCTION = YES;
				GCC_WARN_UNUSED_VARIABLE = YES;
				IPHONEOS_DEPLOYMENT_TARGET = 13.6;
				MTL_ENABLE_DEBUG_INFO = INCLUDE_SOURCE;
				MTL_FAST_MATH = YES;
				ONLY_ACTIVE_ARCH = YES;
				SDKROOT = iphoneos;
			};
			name = Debug;
		};
		8BEA7FD624CD2AE80065ABEC /* Release */ = {
			isa = XCBuildConfiguration;
			buildSettings = {
				ALWAYS_SEARCH_USER_PATHS = NO;
				CLANG_ANALYZER_NONNULL = YES;
				CLANG_ANALYZER_NUMBER_OBJECT_CONVERSION = YES_AGGRESSIVE;
				CLANG_CXX_LANGUAGE_STANDARD = "gnu++14";
				CLANG_CXX_LIBRARY = "libc++";
				CLANG_ENABLE_MODULES = YES;
				CLANG_ENABLE_OBJC_ARC = YES;
				CLANG_ENABLE_OBJC_WEAK = YES;
				CLANG_WARN_BLOCK_CAPTURE_AUTORELEASING = YES;
				CLANG_WARN_BOOL_CONVERSION = YES;
				CLANG_WARN_COMMA = YES;
				CLANG_WARN_CONSTANT_CONVERSION = YES;
				CLANG_WARN_DEPRECATED_OBJC_IMPLEMENTATIONS = YES;
				CLANG_WARN_DIRECT_OBJC_ISA_USAGE = YES_ERROR;
				CLANG_WARN_DOCUMENTATION_COMMENTS = YES;
				CLANG_WARN_EMPTY_BODY = YES;
				CLANG_WARN_ENUM_CONVERSION = YES;
				CLANG_WARN_INFINITE_RECURSION = YES;
				CLANG_WARN_INT_CONVERSION = YES;
				CLANG_WARN_NON_LITERAL_NULL_CONVERSION = YES;
				CLANG_WARN_OBJC_IMPLICIT_RETAIN_SELF = YES;
				CLANG_WARN_OBJC_LITERAL_CONVERSION = YES;
				CLANG_WARN_OBJC_ROOT_CLASS = YES_ERROR;
				CLANG_WARN_RANGE_LOOP_ANALYSIS = YES;
				CLANG_WARN_STRICT_PROTOTYPES = YES;
				CLANG_WARN_SUSPICIOUS_MOVE = YES;
				CLANG_WARN_UNGUARDED_AVAILABILITY = YES_AGGRESSIVE;
				CLANG_WARN_UNREACHABLE_CODE = YES;
				CLANG_WARN__DUPLICATE_METHOD_MATCH = YES;
				COPY_PHASE_STRIP = NO;
				DEBUG_INFORMATION_FORMAT = "dwarf-with-dsym";
				ENABLE_NS_ASSERTIONS = NO;
				ENABLE_STRICT_OBJC_MSGSEND = YES;
				GCC_C_LANGUAGE_STANDARD = gnu11;
				GCC_NO_COMMON_BLOCKS = YES;
				GCC_WARN_64_TO_32_BIT_CONVERSION = YES;
				GCC_WARN_ABOUT_RETURN_TYPE = YES_ERROR;
				GCC_WARN_UNDECLARED_SELECTOR = YES;
				GCC_WARN_UNINITIALIZED_AUTOS = YES_AGGRESSIVE;
				GCC_WARN_UNUSED_FUNCTION = YES;
				GCC_WARN_UNUSED_VARIABLE = YES;
				IPHONEOS_DEPLOYMENT_TARGET = 13.6;
				MTL_ENABLE_DEBUG_INFO = NO;
				MTL_FAST_MATH = YES;
				SDKROOT = iphoneos;
				VALIDATE_PRODUCT = YES;
			};
			name = Release;
		};
		8BEA7FD824CD2AE80065ABEC /* Debug */ = {
			isa = XCBuildConfiguration;
			buildSettings = {
				ASSETCATALOG_COMPILER_APPICON_NAME = AppIcon;
				CODE_SIGN_STYLE = Automatic;
				DEVELOPMENT_TEAM = KPS76U7566;
				INFOPLIST_FILE = MapMyPints/Info.plist;
				LD_RUNPATH_SEARCH_PATHS = (
					"$(inherited)",
					"@executable_path/Frameworks",
				);
				PRODUCT_BUNDLE_IDENTIFIER = com.AvisaPoshtkouhi.MapMyPints;
				PRODUCT_NAME = "$(TARGET_NAME)";
				TARGETED_DEVICE_FAMILY = "1,2";
			};
			name = Debug;
		};
		8BEA7FD924CD2AE80065ABEC /* Release */ = {
			isa = XCBuildConfiguration;
			buildSettings = {
				ASSETCATALOG_COMPILER_APPICON_NAME = AppIcon;
				CODE_SIGN_STYLE = Automatic;
				DEVELOPMENT_TEAM = KPS76U7566;
				INFOPLIST_FILE = MapMyPints/Info.plist;
				LD_RUNPATH_SEARCH_PATHS = (
					"$(inherited)",
					"@executable_path/Frameworks",
				);
				PRODUCT_BUNDLE_IDENTIFIER = com.AvisaPoshtkouhi.MapMyPints;
				PRODUCT_NAME = "$(TARGET_NAME)";
				TARGETED_DEVICE_FAMILY = "1,2";
			};
			name = Release;
		};
/* End XCBuildConfiguration section */

/* Begin XCConfigurationList section */
		8BEA7FB924CD2AE70065ABEC /* Build configuration list for PBXProject "MapMyPints" */ = {
			isa = XCConfigurationList;
			buildConfigurations = (
				8BEA7FD524CD2AE80065ABEC /* Debug */,
				8BEA7FD624CD2AE80065ABEC /* Release */,
			);
			defaultConfigurationIsVisible = 0;
			defaultConfigurationName = Release;
		};
		8BEA7FD724CD2AE80065ABEC /* Build configuration list for PBXNativeTarget "MapMyPints" */ = {
			isa = XCConfigurationList;
			buildConfigurations = (
				8BEA7FD824CD2AE80065ABEC /* Debug */,
				8BEA7FD924CD2AE80065ABEC /* Release */,
			);
			defaultConfigurationIsVisible = 0;
			defaultConfigurationName = Release;
		};
/* End XCConfigurationList section */
	};
	rootObject = 8BEA7FB624CD2AE70065ABEC /* Project object */;
}
